// !$*UTF8*$!
{
	archiveVersion = 1;
	classes = {
	};
	objectVersion = 56;
	objects = {

/* Begin PBXBuildFile section */
		990487A0239D87D7185720B4 /* Pods_StarWarsApp.framework in Frameworks */ = {isa = PBXBuildFile; fileRef = 07922648DF7AA9FEB86983BD /* Pods_StarWarsApp.framework */; };
		9F26F1D12C5BAF9100623953 /* StarWarsDao.swift in Sources */ = {isa = PBXBuildFile; fileRef = 9F26F1D02C5BAF9100623953 /* StarWarsDao.swift */; };
		9F26F1D32C5BB94800623953 /* FavCharactersViewModel.swift in Sources */ = {isa = PBXBuildFile; fileRef = 9F26F1D22C5BB94800623953 /* FavCharactersViewModel.swift */; };
		9F313F212C5B18C400575060 /* heart.json in Resources */ = {isa = PBXBuildFile; fileRef = 9F313F202C5B18C400575060 /* heart.json */; };
		9F313F232C5B18F000575060 /* delete.json in Resources */ = {isa = PBXBuildFile; fileRef = 9F313F222C5B18F000575060 /* delete.json */; };
		9F313F272C5B1CC500575060 /* noResults.json in Resources */ = {isa = PBXBuildFile; fileRef = 9F313F262C5B1CC500575060 /* noResults.json */; };
		9F52E2702C59E41200BAFC2E /* CharactersViewModel.swift in Sources */ = {isa = PBXBuildFile; fileRef = 9F52E26F2C59E41200BAFC2E /* CharactersViewModel.swift */; };
		9F52E2782C59E5B800BAFC2E /* Character.swift in Sources */ = {isa = PBXBuildFile; fileRef = 9F52E2772C59E5B800BAFC2E /* Character.swift */; };
		9F52E27E2C59E6B100BAFC2E /* StarshipDetailsViewModel.swift in Sources */ = {isa = PBXBuildFile; fileRef = 9F52E27D2C59E6B100BAFC2E /* StarshipDetailsViewModel.swift */; };
		9F52E2802C59E6DA00BAFC2E /* StarshipDetailsViewController.swift in Sources */ = {isa = PBXBuildFile; fileRef = 9F52E27F2C59E6DA00BAFC2E /* StarshipDetailsViewController.swift */; };
		9F52E2842C59E70E00BAFC2E /* CharacterDetailsViewController.swift in Sources */ = {isa = PBXBuildFile; fileRef = 9F52E2832C59E70E00BAFC2E /* CharacterDetailsViewController.swift */; };
		9F52E2862C59E72400BAFC2E /* CharacterDetailsViewModel.swift in Sources */ = {isa = PBXBuildFile; fileRef = 9F52E2852C59E72400BAFC2E /* CharacterDetailsViewModel.swift */; };
		9F61D1722C58D44900C7191A /* Starship.swift in Sources */ = {isa = PBXBuildFile; fileRef = 9F61D1712C58D44900C7191A /* Starship.swift */; };
		9F61D1762C58D50200C7191A /* CustomTabBar.swift in Sources */ = {isa = PBXBuildFile; fileRef = 9F61D1752C58D50200C7191A /* CustomTabBar.swift */; };
		9F61D17D2C58DF0C00C7191A /* StarWarTableCell.swift in Sources */ = {isa = PBXBuildFile; fileRef = 9F61D17B2C58DF0C00C7191A /* StarWarTableCell.swift */; };
		9F61D17E2C58DF0C00C7191A /* StarWarTableCell.xib in Resources */ = {isa = PBXBuildFile; fileRef = 9F61D17C2C58DF0C00C7191A /* StarWarTableCell.xib */; };
		9F8E67862C5B85B600F284C8 /* LottieBackgroundView.swift in Sources */ = {isa = PBXBuildFile; fileRef = 9F8E67852C5B85B600F284C8 /* LottieBackgroundView.swift */; };
		9F9EA16E2C58F70300A48DA4 /* StarshipsViewController.swift in Sources */ = {isa = PBXBuildFile; fileRef = 9F9EA16D2C58F70300A48DA4 /* StarshipsViewController.swift */; };
		9F9EA1702C58F72F00A48DA4 /* StarshipsViewModel.swift in Sources */ = {isa = PBXBuildFile; fileRef = 9F9EA16F2C58F72F00A48DA4 /* StarshipsViewModel.swift */; };
		9F9EA1732C58FBAD00A48DA4 /* UITableView+extension.swift in Sources */ = {isa = PBXBuildFile; fileRef = 9F9EA1722C58FBAD00A48DA4 /* UITableView+extension.swift */; };
		9FB10B9A2C58C13D00FDC6E2 /* AppDelegate.swift in Sources */ = {isa = PBXBuildFile; fileRef = 9FB10B992C58C13D00FDC6E2 /* AppDelegate.swift */; };
		9FB10B9C2C58C13D00FDC6E2 /* SceneDelegate.swift in Sources */ = {isa = PBXBuildFile; fileRef = 9FB10B9B2C58C13D00FDC6E2 /* SceneDelegate.swift */; };
		9FB10B9E2C58C13D00FDC6E2 /* CharactersViewController.swift in Sources */ = {isa = PBXBuildFile; fileRef = 9FB10B9D2C58C13D00FDC6E2 /* CharactersViewController.swift */; };
		9FB10BA12C58C13D00FDC6E2 /* Main.storyboard in Resources */ = {isa = PBXBuildFile; fileRef = 9FB10B9F2C58C13D00FDC6E2 /* Main.storyboard */; };
		9FB10BA42C58C13D00FDC6E2 /* StarWarsApp.xcdatamodeld in Sources */ = {isa = PBXBuildFile; fileRef = 9FB10BA22C58C13D00FDC6E2 /* StarWarsApp.xcdatamodeld */; };
		9FB10BA62C58C13F00FDC6E2 /* Assets.xcassets in Resources */ = {isa = PBXBuildFile; fileRef = 9FB10BA52C58C13F00FDC6E2 /* Assets.xcassets */; };
		9FB10BA92C58C13F00FDC6E2 /* LaunchScreen.storyboard in Resources */ = {isa = PBXBuildFile; fileRef = 9FB10BA72C58C13F00FDC6E2 /* LaunchScreen.storyboard */; };
		9FB10BB62C58C1BA00FDC6E2 /* NetworkService.swift in Sources */ = {isa = PBXBuildFile; fileRef = 9FB10BB52C58C1BA00FDC6E2 /* NetworkService.swift */; };
/* End PBXBuildFile section */

/* Begin PBXFileReference section */
		07922648DF7AA9FEB86983BD /* Pods_StarWarsApp.framework */ = {isa = PBXFileReference; explicitFileType = wrapper.framework; includeInIndex = 0; path = Pods_StarWarsApp.framework; sourceTree = BUILT_PRODUCTS_DIR; };
		9F26F1D02C5BAF9100623953 /* StarWarsDao.swift */ = {isa = PBXFileReference; lastKnownFileType = sourcecode.swift; path = StarWarsDao.swift; sourceTree = "<group>"; };
		9F26F1D22C5BB94800623953 /* FavCharactersViewModel.swift */ = {isa = PBXFileReference; lastKnownFileType = sourcecode.swift; path = FavCharactersViewModel.swift; sourceTree = "<group>"; };
		9F313F202C5B18C400575060 /* heart.json */ = {isa = PBXFileReference; fileEncoding = 4; lastKnownFileType = text.json; path = heart.json; sourceTree = "<group>"; };
		9F313F222C5B18F000575060 /* delete.json */ = {isa = PBXFileReference; fileEncoding = 4; lastKnownFileType = text.json; path = delete.json; sourceTree = "<group>"; };
		9F313F262C5B1CC500575060 /* noResults.json */ = {isa = PBXFileReference; fileEncoding = 4; lastKnownFileType = text.json; path = noResults.json; sourceTree = "<group>"; };
		9F52E26F2C59E41200BAFC2E /* CharactersViewModel.swift */ = {isa = PBXFileReference; lastKnownFileType = sourcecode.swift; path = CharactersViewModel.swift; sourceTree = "<group>"; };
		9F52E2772C59E5B800BAFC2E /* Character.swift */ = {isa = PBXFileReference; lastKnownFileType = sourcecode.swift; path = Character.swift; sourceTree = "<group>"; };
		9F52E27D2C59E6B100BAFC2E /* StarshipDetailsViewModel.swift */ = {isa = PBXFileReference; lastKnownFileType = sourcecode.swift; path = StarshipDetailsViewModel.swift; sourceTree = "<group>"; };
		9F52E27F2C59E6DA00BAFC2E /* StarshipDetailsViewController.swift */ = {isa = PBXFileReference; lastKnownFileType = sourcecode.swift; path = StarshipDetailsViewController.swift; sourceTree = "<group>"; };
		9F52E2832C59E70E00BAFC2E /* CharacterDetailsViewController.swift */ = {isa = PBXFileReference; lastKnownFileType = sourcecode.swift; path = CharacterDetailsViewController.swift; sourceTree = "<group>"; };
		9F52E2852C59E72400BAFC2E /* CharacterDetailsViewModel.swift */ = {isa = PBXFileReference; lastKnownFileType = sourcecode.swift; path = CharacterDetailsViewModel.swift; sourceTree = "<group>"; };
		9F61D1712C58D44900C7191A /* Starship.swift */ = {isa = PBXFileReference; lastKnownFileType = sourcecode.swift; path = Starship.swift; sourceTree = "<group>"; };
		9F61D1752C58D50200C7191A /* CustomTabBar.swift */ = {isa = PBXFileReference; lastKnownFileType = sourcecode.swift; path = CustomTabBar.swift; sourceTree = "<group>"; };
		9F61D17B2C58DF0C00C7191A /* StarWarTableCell.swift */ = {isa = PBXFileReference; lastKnownFileType = sourcecode.swift; path = StarWarTableCell.swift; sourceTree = "<group>"; };
		9F61D17C2C58DF0C00C7191A /* StarWarTableCell.xib */ = {isa = PBXFileReference; lastKnownFileType = file.xib; path = StarWarTableCell.xib; sourceTree = "<group>"; };
		9F8E67852C5B85B600F284C8 /* LottieBackgroundView.swift */ = {isa = PBXFileReference; lastKnownFileType = sourcecode.swift; path = LottieBackgroundView.swift; sourceTree = "<group>"; };
		9F9EA16D2C58F70300A48DA4 /* StarshipsViewController.swift */ = {isa = PBXFileReference; lastKnownFileType = sourcecode.swift; path = StarshipsViewController.swift; sourceTree = "<group>"; };
		9F9EA16F2C58F72F00A48DA4 /* StarshipsViewModel.swift */ = {isa = PBXFileReference; lastKnownFileType = sourcecode.swift; path = StarshipsViewModel.swift; sourceTree = "<group>"; };
		9F9EA1722C58FBAD00A48DA4 /* UITableView+extension.swift */ = {isa = PBXFileReference; lastKnownFileType = sourcecode.swift; path = "UITableView+extension.swift"; sourceTree = "<group>"; };
		9FB10B962C58C13D00FDC6E2 /* StarWarsApp.app */ = {isa = PBXFileReference; explicitFileType = wrapper.application; includeInIndex = 0; path = StarWarsApp.app; sourceTree = BUILT_PRODUCTS_DIR; };
		9FB10B992C58C13D00FDC6E2 /* AppDelegate.swift */ = {isa = PBXFileReference; lastKnownFileType = sourcecode.swift; path = AppDelegate.swift; sourceTree = "<group>"; };
		9FB10B9B2C58C13D00FDC6E2 /* SceneDelegate.swift */ = {isa = PBXFileReference; lastKnownFileType = sourcecode.swift; path = SceneDelegate.swift; sourceTree = "<group>"; };
		9FB10B9D2C58C13D00FDC6E2 /* CharactersViewController.swift */ = {isa = PBXFileReference; lastKnownFileType = sourcecode.swift; path = CharactersViewController.swift; sourceTree = "<group>"; };
		9FB10BA02C58C13D00FDC6E2 /* Base */ = {isa = PBXFileReference; lastKnownFileType = file.storyboard; name = Base; path = Base.lproj/Main.storyboard; sourceTree = "<group>"; };
		9FB10BA32C58C13D00FDC6E2 /* StarWarsApp.xcdatamodel */ = {isa = PBXFileReference; lastKnownFileType = wrapper.xcdatamodel; path = StarWarsApp.xcdatamodel; sourceTree = "<group>"; };
		9FB10BA52C58C13F00FDC6E2 /* Assets.xcassets */ = {isa = PBXFileReference; lastKnownFileType = folder.assetcatalog; path = Assets.xcassets; sourceTree = "<group>"; };
		9FB10BA82C58C13F00FDC6E2 /* Base */ = {isa = PBXFileReference; lastKnownFileType = file.storyboard; name = Base; path = Base.lproj/LaunchScreen.storyboard; sourceTree = "<group>"; };
		9FB10BAA2C58C13F00FDC6E2 /* Info.plist */ = {isa = PBXFileReference; lastKnownFileType = text.plist.xml; path = Info.plist; sourceTree = "<group>"; };
		9FB10BB52C58C1BA00FDC6E2 /* NetworkService.swift */ = {isa = PBXFileReference; lastKnownFileType = sourcecode.swift; path = NetworkService.swift; sourceTree = "<group>"; };
		AA936EC47CC85EA2B32F2350 /* Pods-StarWarsApp.debug.xcconfig */ = {isa = PBXFileReference; includeInIndex = 1; lastKnownFileType = text.xcconfig; name = "Pods-StarWarsApp.debug.xcconfig"; path = "Target Support Files/Pods-StarWarsApp/Pods-StarWarsApp.debug.xcconfig"; sourceTree = "<group>"; };
		B3C657C748714389884EF7C1 /* Pods-StarWarsApp.release.xcconfig */ = {isa = PBXFileReference; includeInIndex = 1; lastKnownFileType = text.xcconfig; name = "Pods-StarWarsApp.release.xcconfig"; path = "Target Support Files/Pods-StarWarsApp/Pods-StarWarsApp.release.xcconfig"; sourceTree = "<group>"; };
/* End PBXFileReference section */

/* Begin PBXFrameworksBuildPhase section */
		9FB10B932C58C13D00FDC6E2 /* Frameworks */ = {
			isa = PBXFrameworksBuildPhase;
			buildActionMask = 2147483647;
			files = (
				990487A0239D87D7185720B4 /* Pods_StarWarsApp.framework in Frameworks */,
			);
			runOnlyForDeploymentPostprocessing = 0;
		};
/* End PBXFrameworksBuildPhase section */

/* Begin PBXGroup section */
		9F26F1CF2C5BAECC00623953 /* LocalService */ = {
			isa = PBXGroup;
			children = (
				9F26F1D02C5BAF9100623953 /* StarWarsDao.swift */,
			);
			path = LocalService;
			sourceTree = "<group>";
		};
		9F52E2712C59E47200BAFC2E /* FavCharacters */ = {
			isa = PBXGroup;
			children = (
				9F52E2762C59E4B500BAFC2E /* View */,
				9F52E2752C59E4AE00BAFC2E /* ViewModel */,
			);
			path = FavCharacters;
			sourceTree = "<group>";
		};
		9F52E2722C59E48B00BAFC2E /* FavStarships */ = {
			isa = PBXGroup;
			children = (
				9F52E2742C59E4A700BAFC2E /* View */,
				9F52E2732C59E49800BAFC2E /* ViewModel */,
			);
			path = FavStarships;
			sourceTree = "<group>";
		};
		9F52E2732C59E49800BAFC2E /* ViewModel */ = {
			isa = PBXGroup;
			children = (
			);
			path = ViewModel;
			sourceTree = "<group>";
		};
		9F52E2742C59E4A700BAFC2E /* View */ = {
			isa = PBXGroup;
			children = (
			);
			path = View;
			sourceTree = "<group>";
		};
		9F52E2752C59E4AE00BAFC2E /* ViewModel */ = {
			isa = PBXGroup;
			children = (
				9F26F1D22C5BB94800623953 /* FavCharactersViewModel.swift */,
			);
			path = ViewModel;
			sourceTree = "<group>";
		};
		9F52E2762C59E4B500BAFC2E /* View */ = {
			isa = PBXGroup;
			children = (
			);
			path = View;
			sourceTree = "<group>";
		};
		9F52E2792C59E64500BAFC2E /* CharacterDetails */ = {
			isa = PBXGroup;
			children = (
				9F52E2822C59E6F000BAFC2E /* View */,
				9F52E2812C59E6E700BAFC2E /* ViewModel */,
			);
			path = CharacterDetails;
			sourceTree = "<group>";
		};
		9F52E27A2C59E65300BAFC2E /* StarshipDetails */ = {
			isa = PBXGroup;
			children = (
				9F52E27C2C59E67A00BAFC2E /* View */,
				9F52E27B2C59E66600BAFC2E /* ViewModel */,
			);
			path = StarshipDetails;
			sourceTree = "<group>";
		};
		9F52E27B2C59E66600BAFC2E /* ViewModel */ = {
			isa = PBXGroup;
			children = (
				9F52E27D2C59E6B100BAFC2E /* StarshipDetailsViewModel.swift */,
			);
			path = ViewModel;
			sourceTree = "<group>";
		};
		9F52E27C2C59E67A00BAFC2E /* View */ = {
			isa = PBXGroup;
			children = (
				9F52E27F2C59E6DA00BAFC2E /* StarshipDetailsViewController.swift */,
			);
			path = View;
			sourceTree = "<group>";
		};
		9F52E2812C59E6E700BAFC2E /* ViewModel */ = {
			isa = PBXGroup;
			children = (
				9F52E2852C59E72400BAFC2E /* CharacterDetailsViewModel.swift */,
			);
			path = ViewModel;
			sourceTree = "<group>";
		};
		9F52E2822C59E6F000BAFC2E /* View */ = {
			isa = PBXGroup;
			children = (
				9F52E2832C59E70E00BAFC2E /* CharacterDetailsViewController.swift */,
			);
			path = View;
			sourceTree = "<group>";
		};
		9F61D1732C58D4D000C7191A /* Utils */ = {
			isa = PBXGroup;
			children = (
				9F9EA1712C58FB7800A48DA4 /* extensions */,
				9F61D1742C58D4DA00C7191A /* LottieAnimations */,
				9F61D1752C58D50200C7191A /* CustomTabBar.swift */,
				9F8E67852C5B85B600F284C8 /* LottieBackgroundView.swift */,
			);
			path = Utils;
			sourceTree = "<group>";
		};
		9F61D1742C58D4DA00C7191A /* LottieAnimations */ = {
			isa = PBXGroup;
			children = (
				9F313F222C5B18F000575060 /* delete.json */,
				9F313F262C5B1CC500575060 /* noResults.json */,
				9F313F202C5B18C400575060 /* heart.json */,
			);
			path = LottieAnimations;
			sourceTree = "<group>";
		};
		9F61D1772C58DE8300C7191A /* ViewModel */ = {
			isa = PBXGroup;
			children = (
				9F9EA16F2C58F72F00A48DA4 /* StarshipsViewModel.swift */,
			);
			path = ViewModel;
			sourceTree = "<group>";
		};
		9F61D1782C58DE8D00C7191A /* View */ = {
			isa = PBXGroup;
			children = (
				9F9EA16D2C58F70300A48DA4 /* StarshipsViewController.swift */,
				9F61D17B2C58DF0C00C7191A /* StarWarTableCell.swift */,
				9F61D17C2C58DF0C00C7191A /* StarWarTableCell.xib */,
			);
			path = View;
			sourceTree = "<group>";
		};
		9F61D1792C58DE9400C7191A /* ViewModel */ = {
			isa = PBXGroup;
			children = (
				9F52E26F2C59E41200BAFC2E /* CharactersViewModel.swift */,
			);
			path = ViewModel;
			sourceTree = "<group>";
		};
		9F61D17A2C58DE9D00C7191A /* View */ = {
			isa = PBXGroup;
			children = (
				9FB10B9D2C58C13D00FDC6E2 /* CharactersViewController.swift */,
			);
			path = View;
			sourceTree = "<group>";
		};
		9F9EA1712C58FB7800A48DA4 /* extensions */ = {
			isa = PBXGroup;
			children = (
				9F9EA1722C58FBAD00A48DA4 /* UITableView+extension.swift */,
			);
			path = extensions;
			sourceTree = "<group>";
		};
		9FB10B8D2C58C13D00FDC6E2 = {
			isa = PBXGroup;
			children = (
				9FB10B982C58C13D00FDC6E2 /* StarWarsApp */,
				9FB10B972C58C13D00FDC6E2 /* Products */,
				C5E5E1EAE06C6AF8EC3C5122 /* Pods */,
				ECA37918E7149968AE52665B /* Frameworks */,
			);
			sourceTree = "<group>";
		};
		9FB10B972C58C13D00FDC6E2 /* Products */ = {
			isa = PBXGroup;
			children = (
				9FB10B962C58C13D00FDC6E2 /* StarWarsApp.app */,
			);
			name = Products;
			sourceTree = "<group>";
		};
		9FB10B982C58C13D00FDC6E2 /* StarWarsApp */ = {
			isa = PBXGroup;
			children = (
				9FB10BB22C58C18000FDC6E2 /* Characters */,
				9FB10BB32C58C19500FDC6E2 /* Starships */,
				9F52E2792C59E64500BAFC2E /* CharacterDetails */,
				9F52E27A2C59E65300BAFC2E /* StarshipDetails */,
				9F52E2712C59E47200BAFC2E /* FavCharacters */,
				9F52E2722C59E48B00BAFC2E /* FavStarships */,
				9F61D1732C58D4D000C7191A /* Utils */,
				9FB10BB12C58C17100FDC6E2 /* Service */,
				9FB10BB02C58C16A00FDC6E2 /* Model */,
				9FB10B992C58C13D00FDC6E2 /* AppDelegate.swift */,
				9FB10B9B2C58C13D00FDC6E2 /* SceneDelegate.swift */,
				9FB10B9F2C58C13D00FDC6E2 /* Main.storyboard */,
				9FB10BA52C58C13F00FDC6E2 /* Assets.xcassets */,
				9FB10BA72C58C13F00FDC6E2 /* LaunchScreen.storyboard */,
				9FB10BAA2C58C13F00FDC6E2 /* Info.plist */,
				9FB10BA22C58C13D00FDC6E2 /* StarWarsApp.xcdatamodeld */,
			);
			path = StarWarsApp;
			sourceTree = "<group>";
		};
		9FB10BB02C58C16A00FDC6E2 /* Model */ = {
			isa = PBXGroup;
			children = (
				9F52E2772C59E5B800BAFC2E /* Character.swift */,
				9F61D1712C58D44900C7191A /* Starship.swift */,
			);
			path = Model;
			sourceTree = "<group>";
		};
		9FB10BB12C58C17100FDC6E2 /* Service */ = {
			isa = PBXGroup;
			children = (
				9F26F1CF2C5BAECC00623953 /* LocalService */,
				9FB10BB42C58C1A300FDC6E2 /* NetworkService */,
			);
			path = Service;
			sourceTree = "<group>";
		};
		9FB10BB22C58C18000FDC6E2 /* Characters */ = {
			isa = PBXGroup;
			children = (
				9F61D17A2C58DE9D00C7191A /* View */,
				9F61D1792C58DE9400C7191A /* ViewModel */,
			);
			path = Characters;
			sourceTree = "<group>";
		};
		9FB10BB32C58C19500FDC6E2 /* Starships */ = {
			isa = PBXGroup;
			children = (
				9F61D1782C58DE8D00C7191A /* View */,
				9F61D1772C58DE8300C7191A /* ViewModel */,
			);
			path = Starships;
			sourceTree = "<group>";
		};
		9FB10BB42C58C1A300FDC6E2 /* NetworkService */ = {
			isa = PBXGroup;
			children = (
				9FB10BB52C58C1BA00FDC6E2 /* NetworkService.swift */,
			);
			path = NetworkService;
			sourceTree = "<group>";
		};
		C5E5E1EAE06C6AF8EC3C5122 /* Pods */ = {
			isa = PBXGroup;
			children = (
				AA936EC47CC85EA2B32F2350 /* Pods-StarWarsApp.debug.xcconfig */,
				B3C657C748714389884EF7C1 /* Pods-StarWarsApp.release.xcconfig */,
			);
			path = Pods;
			sourceTree = "<group>";
		};
		ECA37918E7149968AE52665B /* Frameworks */ = {
			isa = PBXGroup;
			children = (
				07922648DF7AA9FEB86983BD /* Pods_StarWarsApp.framework */,
			);
			name = Frameworks;
			sourceTree = "<group>";
		};
/* End PBXGroup section */

/* Begin PBXNativeTarget section */
		9FB10B952C58C13D00FDC6E2 /* StarWarsApp */ = {
			isa = PBXNativeTarget;
			buildConfigurationList = 9FB10BAD2C58C13F00FDC6E2 /* Build configuration list for PBXNativeTarget "StarWarsApp" */;
			buildPhases = (
				C51D5F1B8A1C3D5D15589876 /* [CP] Check Pods Manifest.lock */,
				9FB10B922C58C13D00FDC6E2 /* Sources */,
				9FB10B932C58C13D00FDC6E2 /* Frameworks */,
				9FB10B942C58C13D00FDC6E2 /* Resources */,
				BD4E78591FA6763D7B3C21B6 /* [CP] Embed Pods Frameworks */,
			);
			buildRules = (
			);
			dependencies = (
			);
			name = StarWarsApp;
			productName = StarWarsApp;
			productReference = 9FB10B962C58C13D00FDC6E2 /* StarWarsApp.app */;
			productType = "com.apple.product-type.application";
		};
/* End PBXNativeTarget section */

/* Begin PBXProject section */
		9FB10B8E2C58C13D00FDC6E2 /* Project object */ = {
			isa = PBXProject;
			attributes = {
				BuildIndependentTargetsInParallel = 1;
				LastSwiftUpdateCheck = 1520;
				LastUpgradeCheck = 1520;
				TargetAttributes = {
					9FB10B952C58C13D00FDC6E2 = {
						CreatedOnToolsVersion = 15.2;
					};
				};
			};
			buildConfigurationList = 9FB10B912C58C13D00FDC6E2 /* Build configuration list for PBXProject "StarWarsApp" */;
			compatibilityVersion = "Xcode 14.0";
			developmentRegion = en;
			hasScannedForEncodings = 0;
			knownRegions = (
				en,
				Base,
			);
			mainGroup = 9FB10B8D2C58C13D00FDC6E2;
			productRefGroup = 9FB10B972C58C13D00FDC6E2 /* Products */;
			projectDirPath = "";
			projectRoot = "";
			targets = (
				9FB10B952C58C13D00FDC6E2 /* StarWarsApp */,
			);
		};
/* End PBXProject section */

/* Begin PBXResourcesBuildPhase section */
		9FB10B942C58C13D00FDC6E2 /* Resources */ = {
			isa = PBXResourcesBuildPhase;
			buildActionMask = 2147483647;
			files = (
				9F313F232C5B18F000575060 /* delete.json in Resources */,
				9FB10BA92C58C13F00FDC6E2 /* LaunchScreen.storyboard in Resources */,
				9F61D17E2C58DF0C00C7191A /* StarWarTableCell.xib in Resources */,
				9FB10BA62C58C13F00FDC6E2 /* Assets.xcassets in Resources */,
				9F313F212C5B18C400575060 /* heart.json in Resources */,
				9FB10BA12C58C13D00FDC6E2 /* Main.storyboard in Resources */,
				9F313F272C5B1CC500575060 /* noResults.json in Resources */,
			);
			runOnlyForDeploymentPostprocessing = 0;
		};
/* End PBXResourcesBuildPhase section */

/* Begin PBXShellScriptBuildPhase section */
		BD4E78591FA6763D7B3C21B6 /* [CP] Embed Pods Frameworks */ = {
			isa = PBXShellScriptBuildPhase;
			buildActionMask = 2147483647;
			files = (
			);
			inputFileListPaths = (
				"${PODS_ROOT}/Target Support Files/Pods-StarWarsApp/Pods-StarWarsApp-frameworks-${CONFIGURATION}-input-files.xcfilelist",
			);
			name = "[CP] Embed Pods Frameworks";
			outputFileListPaths = (
				"${PODS_ROOT}/Target Support Files/Pods-StarWarsApp/Pods-StarWarsApp-frameworks-${CONFIGURATION}-output-files.xcfilelist",
			);
			runOnlyForDeploymentPostprocessing = 0;
			shellPath = /bin/sh;
			shellScript = "\"${PODS_ROOT}/Target Support Files/Pods-StarWarsApp/Pods-StarWarsApp-frameworks.sh\"\n";
			showEnvVarsInLog = 0;
		};
		C51D5F1B8A1C3D5D15589876 /* [CP] Check Pods Manifest.lock */ = {
			isa = PBXShellScriptBuildPhase;
			buildActionMask = 2147483647;
			files = (
			);
			inputFileListPaths = (
			);
			inputPaths = (
				"${PODS_PODFILE_DIR_PATH}/Podfile.lock",
				"${PODS_ROOT}/Manifest.lock",
			);
			name = "[CP] Check Pods Manifest.lock";
			outputFileListPaths = (
			);
			outputPaths = (
				"$(DERIVED_FILE_DIR)/Pods-StarWarsApp-checkManifestLockResult.txt",
			);
			runOnlyForDeploymentPostprocessing = 0;
			shellPath = /bin/sh;
			shellScript = "diff \"${PODS_PODFILE_DIR_PATH}/Podfile.lock\" \"${PODS_ROOT}/Manifest.lock\" > /dev/null\nif [ $? != 0 ] ; then\n    # print error to STDERR\n    echo \"error: The sandbox is not in sync with the Podfile.lock. Run 'pod install' or update your CocoaPods installation.\" >&2\n    exit 1\nfi\n# This output is used by Xcode 'outputs' to avoid re-running this script phase.\necho \"SUCCESS\" > \"${SCRIPT_OUTPUT_FILE_0}\"\n";
			showEnvVarsInLog = 0;
		};
/* End PBXShellScriptBuildPhase section */

/* Begin PBXSourcesBuildPhase section */
		9FB10B922C58C13D00FDC6E2 /* Sources */ = {
			isa = PBXSourcesBuildPhase;
			buildActionMask = 2147483647;
			files = (
				9F26F1D12C5BAF9100623953 /* StarWarsDao.swift in Sources */,
				9F52E2782C59E5B800BAFC2E /* Character.swift in Sources */,
				9F8E67862C5B85B600F284C8 /* LottieBackgroundView.swift in Sources */,
				9F52E27E2C59E6B100BAFC2E /* StarshipDetailsViewModel.swift in Sources */,
				9F52E2802C59E6DA00BAFC2E /* StarshipDetailsViewController.swift in Sources */,
				9F52E2862C59E72400BAFC2E /* CharacterDetailsViewModel.swift in Sources */,
				9F52E2842C59E70E00BAFC2E /* CharacterDetailsViewController.swift in Sources */,
				9F9EA16E2C58F70300A48DA4 /* StarshipsViewController.swift in Sources */,
				9FB10BB62C58C1BA00FDC6E2 /* NetworkService.swift in Sources */,
				9F52E2702C59E41200BAFC2E /* CharactersViewModel.swift in Sources */,
				9FB10BA42C58C13D00FDC6E2 /* StarWarsApp.xcdatamodeld in Sources */,
				9F61D1762C58D50200C7191A /* CustomTabBar.swift in Sources */,
				9F26F1D32C5BB94800623953 /* FavCharactersViewModel.swift in Sources */,
				9F9EA1702C58F72F00A48DA4 /* StarshipsViewModel.swift in Sources */,
				9FB10B9E2C58C13D00FDC6E2 /* CharactersViewController.swift in Sources */,
				9F9EA1732C58FBAD00A48DA4 /* UITableView+extension.swift in Sources */,
				9F61D1722C58D44900C7191A /* Starship.swift in Sources */,
				9F61D17D2C58DF0C00C7191A /* StarWarTableCell.swift in Sources */,
				9FB10B9A2C58C13D00FDC6E2 /* AppDelegate.swift in Sources */,
				9FB10B9C2C58C13D00FDC6E2 /* SceneDelegate.swift in Sources */,
			);
			runOnlyForDeploymentPostprocessing = 0;
		};
/* End PBXSourcesBuildPhase section */

/* Begin PBXVariantGroup section */
		9FB10B9F2C58C13D00FDC6E2 /* Main.storyboard */ = {
			isa = PBXVariantGroup;
			children = (
				9FB10BA02C58C13D00FDC6E2 /* Base */,
			);
			name = Main.storyboard;
			sourceTree = "<group>";
		};
		9FB10BA72C58C13F00FDC6E2 /* LaunchScreen.storyboard */ = {
			isa = PBXVariantGroup;
			children = (
				9FB10BA82C58C13F00FDC6E2 /* Base */,
			);
			name = LaunchScreen.storyboard;
			sourceTree = "<group>";
		};
/* End PBXVariantGroup section */

/* Begin XCBuildConfiguration section */
		9FB10BAB2C58C13F00FDC6E2 /* Debug */ = {
			isa = XCBuildConfiguration;
			buildSettings = {
				ALWAYS_SEARCH_USER_PATHS = NO;
				ASSETCATALOG_COMPILER_GENERATE_SWIFT_ASSET_SYMBOL_EXTENSIONS = YES;
				CLANG_ANALYZER_NONNULL = YES;
				CLANG_ANALYZER_NUMBER_OBJECT_CONVERSION = YES_AGGRESSIVE;
				CLANG_CXX_LANGUAGE_STANDARD = "gnu++20";
				CLANG_ENABLE_MODULES = YES;
				CLANG_ENABLE_OBJC_ARC = YES;
				CLANG_ENABLE_OBJC_WEAK = YES;
				CLANG_WARN_BLOCK_CAPTURE_AUTORELEASING = YES;
				CLANG_WARN_BOOL_CONVERSION = YES;
				CLANG_WARN_COMMA = YES;
				CLANG_WARN_CONSTANT_CONVERSION = YES;
				CLANG_WARN_DEPRECATED_OBJC_IMPLEMENTATIONS = YES;
				CLANG_WARN_DIRECT_OBJC_ISA_USAGE = YES_ERROR;
				CLANG_WARN_DOCUMENTATION_COMMENTS = YES;
				CLANG_WARN_EMPTY_BODY = YES;
				CLANG_WARN_ENUM_CONVERSION = YES;
				CLANG_WARN_INFINITE_RECURSION = YES;
				CLANG_WARN_INT_CONVERSION = YES;
				CLANG_WARN_NON_LITERAL_NULL_CONVERSION = YES;
				CLANG_WARN_OBJC_IMPLICIT_RETAIN_SELF = YES;
				CLANG_WARN_OBJC_LITERAL_CONVERSION = YES;
				CLANG_WARN_OBJC_ROOT_CLASS = YES_ERROR;
				CLANG_WARN_QUOTED_INCLUDE_IN_FRAMEWORK_HEADER = YES;
				CLANG_WARN_RANGE_LOOP_ANALYSIS = YES;
				CLANG_WARN_STRICT_PROTOTYPES = YES;
				CLANG_WARN_SUSPICIOUS_MOVE = YES;
				CLANG_WARN_UNGUARDED_AVAILABILITY = YES_AGGRESSIVE;
				CLANG_WARN_UNREACHABLE_CODE = YES;
				CLANG_WARN__DUPLICATE_METHOD_MATCH = YES;
				COPY_PHASE_STRIP = NO;
				DEBUG_INFORMATION_FORMAT = dwarf;
				ENABLE_STRICT_OBJC_MSGSEND = YES;
				ENABLE_TESTABILITY = YES;
				ENABLE_USER_SCRIPT_SANDBOXING = YES;
				GCC_C_LANGUAGE_STANDARD = gnu17;
				GCC_DYNAMIC_NO_PIC = NO;
				GCC_NO_COMMON_BLOCKS = YES;
				GCC_OPTIMIZATION_LEVEL = 0;
				GCC_PREPROCESSOR_DEFINITIONS = (
					"DEBUG=1",
					"$(inherited)",
				);
				GCC_WARN_64_TO_32_BIT_CONVERSION = YES;
				GCC_WARN_ABOUT_RETURN_TYPE = YES_ERROR;
				GCC_WARN_UNDECLARED_SELECTOR = YES;
				GCC_WARN_UNINITIALIZED_AUTOS = YES_AGGRESSIVE;
				GCC_WARN_UNUSED_FUNCTION = YES;
				GCC_WARN_UNUSED_VARIABLE = YES;
				IPHONEOS_DEPLOYMENT_TARGET = 17.2;
				LOCALIZATION_PREFERS_STRING_CATALOGS = YES;
				MTL_ENABLE_DEBUG_INFO = INCLUDE_SOURCE;
				MTL_FAST_MATH = YES;
				ONLY_ACTIVE_ARCH = YES;
				SDKROOT = iphoneos;
				SWIFT_ACTIVE_COMPILATION_CONDITIONS = "DEBUG $(inherited)";
				SWIFT_OPTIMIZATION_LEVEL = "-Onone";
			};
			name = Debug;
		};
		9FB10BAC2C58C13F00FDC6E2 /* Release */ = {
			isa = XCBuildConfiguration;
			buildSettings = {
				ALWAYS_SEARCH_USER_PATHS = NO;
				ASSETCATALOG_COMPILER_GENERATE_SWIFT_ASSET_SYMBOL_EXTENSIONS = YES;
				CLANG_ANALYZER_NONNULL = YES;
				CLANG_ANALYZER_NUMBER_OBJECT_CONVERSION = YES_AGGRESSIVE;
				CLANG_CXX_LANGUAGE_STANDARD = "gnu++20";
				CLANG_ENABLE_MODULES = YES;
				CLANG_ENABLE_OBJC_ARC = YES;
				CLANG_ENABLE_OBJC_WEAK = YES;
				CLANG_WARN_BLOCK_CAPTURE_AUTORELEASING = YES;
				CLANG_WARN_BOOL_CONVERSION = YES;
				CLANG_WARN_COMMA = YES;
				CLANG_WARN_CONSTANT_CONVERSION = YES;
				CLANG_WARN_DEPRECATED_OBJC_IMPLEMENTATIONS = YES;
				CLANG_WARN_DIRECT_OBJC_ISA_USAGE = YES_ERROR;
				CLANG_WARN_DOCUMENTATION_COMMENTS = YES;
				CLANG_WARN_EMPTY_BODY = YES;
				CLANG_WARN_ENUM_CONVERSION = YES;
				CLANG_WARN_INFINITE_RECURSION = YES;
				CLANG_WARN_INT_CONVERSION = YES;
				CLANG_WARN_NON_LITERAL_NULL_CONVERSION = YES;
				CLANG_WARN_OBJC_IMPLICIT_RETAIN_SELF = YES;
				CLANG_WARN_OBJC_LITERAL_CONVERSION = YES;
				CLANG_WARN_OBJC_ROOT_CLASS = YES_ERROR;
				CLANG_WARN_QUOTED_INCLUDE_IN_FRAMEWORK_HEADER = YES;
				CLANG_WARN_RANGE_LOOP_ANALYSIS = YES;
				CLANG_WARN_STRICT_PROTOTYPES = YES;
				CLANG_WARN_SUSPICIOUS_MOVE = YES;
				CLANG_WARN_UNGUARDED_AVAILABILITY = YES_AGGRESSIVE;
				CLANG_WARN_UNREACHABLE_CODE = YES;
				CLANG_WARN__DUPLICATE_METHOD_MATCH = YES;
				COPY_PHASE_STRIP = NO;
				DEBUG_INFORMATION_FORMAT = "dwarf-with-dsym";
				ENABLE_NS_ASSERTIONS = NO;
				ENABLE_STRICT_OBJC_MSGSEND = YES;
				ENABLE_USER_SCRIPT_SANDBOXING = YES;
				GCC_C_LANGUAGE_STANDARD = gnu17;
				GCC_NO_COMMON_BLOCKS = YES;
				GCC_WARN_64_TO_32_BIT_CONVERSION = YES;
				GCC_WARN_ABOUT_RETURN_TYPE = YES_ERROR;
				GCC_WARN_UNDECLARED_SELECTOR = YES;
				GCC_WARN_UNINITIALIZED_AUTOS = YES_AGGRESSIVE;
				GCC_WARN_UNUSED_FUNCTION = YES;
				GCC_WARN_UNUSED_VARIABLE = YES;
				IPHONEOS_DEPLOYMENT_TARGET = 17.2;
				LOCALIZATION_PREFERS_STRING_CATALOGS = YES;
				MTL_ENABLE_DEBUG_INFO = NO;
				MTL_FAST_MATH = YES;
				SDKROOT = iphoneos;
				SWIFT_COMPILATION_MODE = wholemodule;
				VALIDATE_PRODUCT = YES;
			};
			name = Release;
		};
		9FB10BAE2C58C13F00FDC6E2 /* Debug */ = {
			isa = XCBuildConfiguration;
			baseConfigurationReference = AA936EC47CC85EA2B32F2350 /* Pods-StarWarsApp.debug.xcconfig */;
			buildSettings = {
				ASSETCATALOG_COMPILER_APPICON_NAME = AppIcon;
				ASSETCATALOG_COMPILER_GLOBAL_ACCENT_COLOR_NAME = AccentColor;
				CODE_SIGN_STYLE = Automatic;
				CURRENT_PROJECT_VERSION = 1;
				ENABLE_USER_SCRIPT_SANDBOXING = NO;
				GENERATE_INFOPLIST_FILE = YES;
				INFOPLIST_FILE = StarWarsApp/Info.plist;
				INFOPLIST_KEY_UIApplicationSupportsIndirectInputEvents = YES;
				INFOPLIST_KEY_UILaunchStoryboardName = LaunchScreen;
				INFOPLIST_KEY_UIMainStoryboardFile = Main;
				INFOPLIST_KEY_UISupportedInterfaceOrientations_iPad = "UIInterfaceOrientationPortrait UIInterfaceOrientationPortraitUpsideDown UIInterfaceOrientationLandscapeLeft UIInterfaceOrientationLandscapeRight";
				INFOPLIST_KEY_UISupportedInterfaceOrientations_iPhone = "UIInterfaceOrientationPortrait UIInterfaceOrientationLandscapeLeft UIInterfaceOrientationLandscapeRight";
				IPHONEOS_DEPLOYMENT_TARGET = 14.0;
				LD_RUNPATH_SEARCH_PATHS = (
					"$(inherited)",
					"@executable_path/Frameworks",
				);
				MARKETING_VERSION = 1.0;
				PRODUCT_BUNDLE_IDENTIFIER = IntraZero.StarWarsApp;
				PRODUCT_NAME = "$(TARGET_NAME)";
				SWIFT_EMIT_LOC_STRINGS = YES;
				SWIFT_VERSION = 5.0;
				TARGETED_DEVICE_FAMILY = "1,2";
			};
			name = Debug;
		};
		9FB10BAF2C58C13F00FDC6E2 /* Release */ = {
			isa = XCBuildConfiguration;
			baseConfigurationReference = B3C657C748714389884EF7C1 /* Pods-StarWarsApp.release.xcconfig */;
			buildSettings = {
				ASSETCATALOG_COMPILER_APPICON_NAME = AppIcon;
				ASSETCATALOG_COMPILER_GLOBAL_ACCENT_COLOR_NAME = AccentColor;
				CODE_SIGN_STYLE = Automatic;
				CURRENT_PROJECT_VERSION = 1;
				ENABLE_USER_SCRIPT_SANDBOXING = NO;
				GENERATE_INFOPLIST_FILE = YES;
				INFOPLIST_FILE = StarWarsApp/Info.plist;
				INFOPLIST_KEY_UIApplicationSupportsIndirectInputEvents = YES;
				INFOPLIST_KEY_UILaunchStoryboardName = LaunchScreen;
				INFOPLIST_KEY_UIMainStoryboardFile = Main;
				INFOPLIST_KEY_UISupportedInterfaceOrientations_iPad = "UIInterfaceOrientationPortrait UIInterfaceOrientationPortraitUpsideDown UIInterfaceOrientationLandscapeLeft UIInterfaceOrientationLandscapeRight";
				INFOPLIST_KEY_UISupportedInterfaceOrientations_iPhone = "UIInterfaceOrientationPortrait UIInterfaceOrientationLandscapeLeft UIInterfaceOrientationLandscapeRight";
				IPHONEOS_DEPLOYMENT_TARGET = 14.0;
				LD_RUNPATH_SEARCH_PATHS = (
					"$(inherited)",
					"@executable_path/Frameworks",
				);
				MARKETING_VERSION = 1.0;
				PRODUCT_BUNDLE_IDENTIFIER = IntraZero.StarWarsApp;
				PRODUCT_NAME = "$(TARGET_NAME)";
				SWIFT_EMIT_LOC_STRINGS = YES;
				SWIFT_VERSION = 5.0;
				TARGETED_DEVICE_FAMILY = "1,2";
			};
			name = Release;
		};
/* End XCBuildConfiguration section */

/* Begin XCConfigurationList section */
		9FB10B912C58C13D00FDC6E2 /* Build configuration list for PBXProject "StarWarsApp" */ = {
			isa = XCConfigurationList;
			buildConfigurations = (
				9FB10BAB2C58C13F00FDC6E2 /* Debug */,
				9FB10BAC2C58C13F00FDC6E2 /* Release */,
			);
			defaultConfigurationIsVisible = 0;
			defaultConfigurationName = Release;
		};
		9FB10BAD2C58C13F00FDC6E2 /* Build configuration list for PBXNativeTarget "StarWarsApp" */ = {
			isa = XCConfigurationList;
			buildConfigurations = (
				9FB10BAE2C58C13F00FDC6E2 /* Debug */,
				9FB10BAF2C58C13F00FDC6E2 /* Release */,
			);
			defaultConfigurationIsVisible = 0;
			defaultConfigurationName = Release;
		};
/* End XCConfigurationList section */

/* Begin XCVersionGroup section */
		9FB10BA22C58C13D00FDC6E2 /* StarWarsApp.xcdatamodeld */ = {
			isa = XCVersionGroup;
			children = (
				9FB10BA32C58C13D00FDC6E2 /* StarWarsApp.xcdatamodel */,
			);
			currentVersion = 9FB10BA32C58C13D00FDC6E2 /* StarWarsApp.xcdatamodel */;
			path = StarWarsApp.xcdatamodeld;
			sourceTree = "<group>";
			versionGroupType = wrapper.xcdatamodel;
		};
/* End XCVersionGroup section */
	};
	rootObject = 9FB10B8E2C58C13D00FDC6E2 /* Project object */;
}
